
Microsoft Visual Studio Solution File, Format Version 12.00
# Visual Studio 15
VisualStudioVersion = 15.0.27130.2027
MinimumVisualStudioVersion = 10.0.40219.1
Project("{FAE04EC0-301F-11D3-BF4B-00C04F79EFBC}") = "JodyApp.Data", "JodyApp\JodyApp.Data.csproj", "{B3E35E97-EF50-4357-83DE-38D24B553128}"
EndProject
Project("{FAE04EC0-301F-11D3-BF4B-00C04F79EFBC}") = "JodyApp.Data.Test", "JodyApp.Data.Test\JodyApp.Data.Test.csproj", "{35D3759E-4C3F-4F48-958F-19122DB3BBB1}"
EndProject
Project("{FAE04EC0-301F-11D3-BF4B-00C04F79EFBC}") = "JodyApp.ConsoleApp", "JodyApp.Console\JodyApp.ConsoleApp.csproj", "{72FD31AD-3720-43E7-ABA7-B91ABA5EC61E}"
EndProject
Project("{FAE04EC0-301F-11D3-BF4B-00C04F79EFBC}") = "JodyApp.Service", "JodyApp.Service\JodyApp.Service.csproj", "{064AD040-D294-4B98-B0CA-E4807989EF92}"
EndProject
Project("{FAE04EC0-301F-11D3-BF4B-00C04F79EFBC}") = "JodyApp.Service.Test", "JodyApp.Service.Test\JodyApp.Service.Test.csproj", "{8AEA7F76-E715-4B2E-80F8-C57F53C8A714}"
EndProject
Project("{FAE04EC0-301F-11D3-BF4B-00C04F79EFBC}") = "JodyApp.ViewModel", "JodyApp.ViewModel\JodyApp.ViewModel.csproj", "{3A9F404A-0088-4D33-B294-561891F90D3F}"
EndProject
Project("{FAE04EC0-301F-11D3-BF4B-00C04F79EFBC}") = "JodyApp.ViewModel.Tests", "JodyApp.ViewModel.Tests\JodyApp.ViewModel.Tests.csproj", "{ADA87F7A-5806-400F-8E21-6464D75D0A55}"
EndProject
Global
	GlobalSection(SolutionConfigurationPlatforms) = preSolution
		Debug|Any CPU = Debug|Any CPU
		Debug|ARM = Debug|ARM
		Debug|x64 = Debug|x64
		Debug|x86 = Debug|x86
		Release|Any CPU = Release|Any CPU
		Release|ARM = Release|ARM
		Release|x64 = Release|x64
		Release|x86 = Release|x86
	EndGlobalSection
	GlobalSection(ProjectConfigurationPlatforms) = postSolution
		{B3E35E97-EF50-4357-83DE-38D24B553128}.Debug|Any CPU.ActiveCfg = Debug|Any CPU
		{B3E35E97-EF50-4357-83DE-38D24B553128}.Debug|Any CPU.Build.0 = Debug|Any CPU
		{B3E35E97-EF50-4357-83DE-38D24B553128}.Debug|ARM.ActiveCfg = Debug|Any CPU
		{B3E35E97-EF50-4357-83DE-38D24B553128}.Debug|ARM.Build.0 = Debug|Any CPU
		{B3E35E97-EF50-4357-83DE-38D24B553128}.Debug|x64.ActiveCfg = Debug|Any CPU
		{B3E35E97-EF50-4357-83DE-38D24B553128}.Debug|x64.Build.0 = Debug|Any CPU
		{B3E35E97-EF50-4357-83DE-38D24B553128}.Debug|x86.ActiveCfg = Debug|Any CPU
		{B3E35E97-EF50-4357-83DE-38D24B553128}.Debug|x86.Build.0 = Debug|Any CPU
		{B3E35E97-EF50-4357-83DE-38D24B553128}.Release|Any CPU.ActiveCfg = Release|Any CPU
		{B3E35E97-EF50-4357-83DE-38D24B553128}.Release|Any CPU.Build.0 = Release|Any CPU
		{B3E35E97-EF50-4357-83DE-38D24B553128}.Release|ARM.ActiveCfg = Release|Any CPU
		{B3E35E97-EF50-4357-83DE-38D24B553128}.Release|ARM.Build.0 = Release|Any CPU
		{B3E35E97-EF50-4357-83DE-38D24B553128}.Release|x64.ActiveCfg = Release|Any CPU
		{B3E35E97-EF50-4357-83DE-38D24B553128}.Release|x64.Build.0 = Release|Any CPU
		{B3E35E97-EF50-4357-83DE-38D24B553128}.Release|x86.ActiveCfg = Release|Any CPU
		{B3E35E97-EF50-4357-83DE-38D24B553128}.Release|x86.Build.0 = Release|Any CPU
		{35D3759E-4C3F-4F48-958F-19122DB3BBB1}.Debug|Any CPU.ActiveCfg = Debug|Any CPU
		{35D3759E-4C3F-4F48-958F-19122DB3BBB1}.Debug|Any CPU.Build.0 = Debug|Any CPU
		{35D3759E-4C3F-4F48-958F-19122DB3BBB1}.Debug|ARM.ActiveCfg = Debug|Any CPU
		{35D3759E-4C3F-4F48-958F-19122DB3BBB1}.Debug|ARM.Build.0 = Debug|Any CPU
		{35D3759E-4C3F-4F48-958F-19122DB3BBB1}.Debug|x64.ActiveCfg = Debug|Any CPU
		{35D3759E-4C3F-4F48-958F-19122DB3BBB1}.Debug|x64.Build.0 = Debug|Any CPU
		{35D3759E-4C3F-4F48-958F-19122DB3BBB1}.Debug|x86.ActiveCfg = Debug|Any CPU
		{35D3759E-4C3F-4F48-958F-19122DB3BBB1}.Debug|x86.Build.0 = Debug|Any CPU
		{35D3759E-4C3F-4F48-958F-19122DB3BBB1}.Release|Any CPU.ActiveCfg = Release|Any CPU
		{35D3759E-4C3F-4F48-958F-19122DB3BBB1}.Release|Any CPU.Build.0 = Release|Any CPU
		{35D3759E-4C3F-4F48-958F-19122DB3BBB1}.Release|ARM.ActiveCfg = Release|Any CPU
		{35D3759E-4C3F-4F48-958F-19122DB3BBB1}.Release|ARM.Build.0 = Release|Any CPU
		{35D3759E-4C3F-4F48-958F-19122DB3BBB1}.Release|x64.ActiveCfg = Release|Any CPU
		{35D3759E-4C3F-4F48-958F-19122DB3BBB1}.Release|x64.Build.0 = Release|Any CPU
		{35D3759E-4C3F-4F48-958F-19122DB3BBB1}.Release|x86.ActiveCfg = Release|Any CPU
		{35D3759E-4C3F-4F48-958F-19122DB3BBB1}.Release|x86.Build.0 = Release|Any CPU
		{72FD31AD-3720-43E7-ABA7-B91ABA5EC61E}.Debug|Any CPU.ActiveCfg = Debug|Any CPU
		{72FD31AD-3720-43E7-ABA7-B91ABA5EC61E}.Debug|Any CPU.Build.0 = Debug|Any CPU
		{72FD31AD-3720-43E7-ABA7-B91ABA5EC61E}.Debug|ARM.ActiveCfg = Debug|Any CPU
		{72FD31AD-3720-43E7-ABA7-B91ABA5EC61E}.Debug|ARM.Build.0 = Debug|Any CPU
		{72FD31AD-3720-43E7-ABA7-B91ABA5EC61E}.Debug|x64.ActiveCfg = Debug|Any CPU
		{72FD31AD-3720-43E7-ABA7-B91ABA5EC61E}.Debug|x64.Build.0 = Debug|Any CPU
		{72FD31AD-3720-43E7-ABA7-B91ABA5EC61E}.Debug|x86.ActiveCfg = Debug|Any CPU
		{72FD31AD-3720-43E7-ABA7-B91ABA5EC61E}.Debug|x86.Build.0 = Debug|Any CPU
		{72FD31AD-3720-43E7-ABA7-B91ABA5EC61E}.Release|Any CPU.ActiveCfg = Release|Any CPU
		{72FD31AD-3720-43E7-ABA7-B91ABA5EC61E}.Release|Any CPU.Build.0 = Release|Any CPU
		{72FD31AD-3720-43E7-ABA7-B91ABA5EC61E}.Release|ARM.ActiveCfg = Release|Any CPU
		{72FD31AD-3720-43E7-ABA7-B91ABA5EC61E}.Release|ARM.Build.0 = Release|Any CPU
		{72FD31AD-3720-43E7-ABA7-B91ABA5EC61E}.Release|x64.ActiveCfg = Release|Any CPU
		{72FD31AD-3720-43E7-ABA7-B91ABA5EC61E}.Release|x64.Build.0 = Release|Any CPU
		{72FD31AD-3720-43E7-ABA7-B91ABA5EC61E}.Release|x86.ActiveCfg = Release|Any CPU
		{72FD31AD-3720-43E7-ABA7-B91ABA5EC61E}.Release|x86.Build.0 = Release|Any CPU
		{064AD040-D294-4B98-B0CA-E4807989EF92}.Debug|Any CPU.ActiveCfg = Debug|Any CPU
		{064AD040-D294-4B98-B0CA-E4807989EF92}.Debug|Any CPU.Build.0 = Debug|Any CPU
		{064AD040-D294-4B98-B0CA-E4807989EF92}.Debug|ARM.ActiveCfg = Debug|Any CPU
		{064AD040-D294-4B98-B0CA-E4807989EF92}.Debug|ARM.Build.0 = Debug|Any CPU
		{064AD040-D294-4B98-B0CA-E4807989EF92}.Debug|x64.ActiveCfg = Debug|Any CPU
		{064AD040-D294-4B98-B0CA-E4807989EF92}.Debug|x64.Build.0 = Debug|Any CPU
		{064AD040-D294-4B98-B0CA-E4807989EF92}.Debug|x86.ActiveCfg = Debug|Any CPU
		{064AD040-D294-4B98-B0CA-E4807989EF92}.Debug|x86.Build.0 = Debug|Any CPU
		{064AD040-D294-4B98-B0CA-E4807989EF92}.Release|Any CPU.ActiveCfg = Release|Any CPU
		{064AD040-D294-4B98-B0CA-E4807989EF92}.Release|Any CPU.Build.0 = Release|Any CPU
		{064AD040-D294-4B98-B0CA-E4807989EF92}.Release|ARM.ActiveCfg = Release|Any CPU
		{064AD040-D294-4B98-B0CA-E4807989EF92}.Release|ARM.Build.0 = Release|Any CPU
		{064AD040-D294-4B98-B0CA-E4807989EF92}.Release|x64.ActiveCfg = Release|Any CPU
		{064AD040-D294-4B98-B0CA-E4807989EF92}.Release|x64.Build.0 = Release|Any CPU
		{064AD040-D294-4B98-B0CA-E4807989EF92}.Release|x86.ActiveCfg = Release|Any CPU
		{064AD040-D294-4B98-B0CA-E4807989EF92}.Release|x86.Build.0 = Release|Any CPU
		{8AEA7F76-E715-4B2E-80F8-C57F53C8A714}.Debug|Any CPU.ActiveCfg = Debug|Any CPU
		{8AEA7F76-E715-4B2E-80F8-C57F53C8A714}.Debug|Any CPU.Build.0 = Debug|Any CPU
		{8AEA7F76-E715-4B2E-80F8-C57F53C8A714}.Debug|ARM.ActiveCfg = Debug|Any CPU
		{8AEA7F76-E715-4B2E-80F8-C57F53C8A714}.Debug|ARM.Build.0 = Debug|Any CPU
		{8AEA7F76-E715-4B2E-80F8-C57F53C8A714}.Debug|x64.ActiveCfg = Debug|Any CPU
		{8AEA7F76-E715-4B2E-80F8-C57F53C8A714}.Debug|x64.Build.0 = Debug|Any CPU
		{8AEA7F76-E715-4B2E-80F8-C57F53C8A714}.Debug|x86.ActiveCfg = Debug|Any CPU
		{8AEA7F76-E715-4B2E-80F8-C57F53C8A714}.Debug|x86.Build.0 = Debug|Any CPU
		{8AEA7F76-E715-4B2E-80F8-C57F53C8A714}.Release|Any CPU.ActiveCfg = Release|Any CPU
		{8AEA7F76-E715-4B2E-80F8-C57F53C8A714}.Release|Any CPU.Build.0 = Release|Any CPU
		{8AEA7F76-E715-4B2E-80F8-C57F53C8A714}.Release|ARM.ActiveCfg = Release|Any CPU
		{8AEA7F76-E715-4B2E-80F8-C57F53C8A714}.Release|ARM.Build.0 = Release|Any CPU
		{8AEA7F76-E715-4B2E-80F8-C57F53C8A714}.Release|x64.ActiveCfg = Release|Any CPU
		{8AEA7F76-E715-4B2E-80F8-C57F53C8A714}.Release|x64.Build.0 = Release|Any CPU
		{8AEA7F76-E715-4B2E-80F8-C57F53C8A714}.Release|x86.ActiveCfg = Release|Any CPU
		{8AEA7F76-E715-4B2E-80F8-C57F53C8A714}.Release|x86.Build.0 = Release|Any CPU
		{3A9F404A-0088-4D33-B294-561891F90D3F}.Debug|Any CPU.ActiveCfg = Debug|Any CPU
		{3A9F404A-0088-4D33-B294-561891F90D3F}.Debug|Any CPU.Build.0 = Debug|Any CPU
		{3A9F404A-0088-4D33-B294-561891F90D3F}.Debug|ARM.ActiveCfg = Debug|Any CPU
		{3A9F404A-0088-4D33-B294-561891F90D3F}.Debug|ARM.Build.0 = Debug|Any CPU
		{3A9F404A-0088-4D33-B294-561891F90D3F}.Debug|x64.ActiveCfg = Debug|Any CPU
		{3A9F404A-0088-4D33-B294-561891F90D3F}.Debug|x64.Build.0 = Debug|Any CPU
		{3A9F404A-0088-4D33-B294-561891F90D3F}.Debug|x86.ActiveCfg = Debug|Any CPU
		{3A9F404A-0088-4D33-B294-561891F90D3F}.Debug|x86.Build.0 = Debug|Any CPU
		{3A9F404A-0088-4D33-B294-561891F90D3F}.Release|Any CPU.ActiveCfg = Release|Any CPU
		{3A9F404A-0088-4D33-B294-561891F90D3F}.Release|Any CPU.Build.0 = Release|Any CPU
		{3A9F404A-0088-4D33-B294-561891F90D3F}.Release|ARM.ActiveCfg = Release|Any CPU
		{3A9F404A-0088-4D33-B294-561891F90D3F}.Release|ARM.Build.0 = Release|Any CPU
		{3A9F404A-0088-4D33-B294-561891F90D3F}.Release|x64.ActiveCfg = Release|Any CPU
		{3A9F404A-0088-4D33-B294-561891F90D3F}.Release|x64.Build.0 = Release|Any CPU
		{3A9F404A-0088-4D33-B294-561891F90D3F}.Release|x86.ActiveCfg = Release|Any CPU
		{3A9F404A-0088-4D33-B294-561891F90D3F}.Release|x86.Build.0 = Release|Any CPU
		{ADA87F7A-5806-400F-8E21-6464D75D0A55}.Debug|Any CPU.ActiveCfg = Debug|Any CPU
		{ADA87F7A-5806-400F-8E21-6464D75D0A55}.Debug|Any CPU.Build.0 = Debug|Any CPU
		{ADA87F7A-5806-400F-8E21-6464D75D0A55}.Debug|ARM.ActiveCfg = Debug|Any CPU
		{ADA87F7A-5806-400F-8E21-6464D75D0A55}.Debug|ARM.Build.0 = Debug|Any CPU
		{ADA87F7A-5806-400F-8E21-6464D75D0A55}.Debug|x64.ActiveCfg = Debug|Any CPU
		{ADA87F7A-5806-400F-8E21-6464D75D0A55}.Debug|x64.Build.0 = Debug|Any CPU
		{ADA87F7A-5806-400F-8E21-6464D75D0A55}.Debug|x86.ActiveCfg = Debug|Any CPU
		{ADA87F7A-5806-400F-8E21-6464D75D0A55}.Debug|x86.Build.0 = Debug|Any CPU
		{ADA87F7A-5806-400F-8E21-6464D75D0A55}.Release|Any CPU.ActiveCfg = Release|Any CPU
		{ADA87F7A-5806-400F-8E21-6464D75D0A55}.Release|Any CPU.Build.0 = Release|Any CPU
		{ADA87F7A-5806-400F-8E21-6464D75D0A55}.Release|ARM.ActiveCfg = Release|Any CPU
		{ADA87F7A-5806-400F-8E21-6464D75D0A55}.Release|ARM.Build.0 = Release|Any CPU
		{ADA87F7A-5806-400F-8E21-6464D75D0A55}.Release|x64.ActiveCfg = Release|Any CPU
		{ADA87F7A-5806-400F-8E21-6464D75D0A55}.Release|x64.Build.0 = Release|Any CPU
		{ADA87F7A-5806-400F-8E21-6464D75D0A55}.Release|x86.ActiveCfg = Release|Any CPU
		{ADA87F7A-5806-400F-8E21-6464D75D0A55}.Release|x86.Build.0 = Release|Any CPU
	EndGlobalSection
	GlobalSection(SolutionProperties) = preSolution
		HideSolutionNode = FALSE
	EndGlobalSection
	GlobalSection(ExtensibilityGlobals) = postSolution
		SolutionGuid = {0B76C851-17A2-49B4-BB04-6686102FB4AF}
	EndGlobalSection
EndGlobal
