
Microsoft Visual Studio Solution File, Format Version 12.00
# Visual Studio 15
VisualStudioVersion = 15.0.27130.2027
MinimumVisualStudioVersion = 10.0.40219.1
Project("{FAE04EC0-301F-11D3-BF4B-00C04F79EFBC}") = "JodyApp.Data", "JodyApp\JodyApp.Data.csproj", "{B3E35E97-EF50-4357-83DE-38D24B553128}"
EndProject
Project("{FAE04EC0-301F-11D3-BF4B-00C04F79EFBC}") = "JodyApp.Data.Test", "JodyApp.Data.Test\JodyApp.Data.Test.csproj", "{35D3759E-4C3F-4F48-958F-19122DB3BBB1}"
EndProject
Project("{FAE04EC0-301F-11D3-BF4B-00C04F79EFBC}") = "JodyApp.Console", "JodyApp.Console\JodyApp.Console.csproj", "{72FD31AD-3720-43E7-ABA7-B91ABA5EC61E}"
EndProject
Global
	GlobalSection(SolutionConfigurationPlatforms) = preSolution
		Debug|Any CPU = Debug|Any CPU
		Release|Any CPU = Release|Any CPU
	EndGlobalSection
	GlobalSection(ProjectConfigurationPlatforms) = postSolution
		{B3E35E97-EF50-4357-83DE-38D24B553128}.Debug|Any CPU.ActiveCfg = Debug|Any CPU
		{B3E35E97-EF50-4357-83DE-38D24B553128}.Debug|Any CPU.Build.0 = Debug|Any CPU
		{B3E35E97-EF50-4357-83DE-38D24B553128}.Release|Any CPU.ActiveCfg = Release|Any CPU
		{B3E35E97-EF50-4357-83DE-38D24B553128}.Release|Any CPU.Build.0 = Release|Any CPU
		{35D3759E-4C3F-4F48-958F-19122DB3BBB1}.Debug|Any CPU.ActiveCfg = Debug|Any CPU
		{35D3759E-4C3F-4F48-958F-19122DB3BBB1}.Debug|Any CPU.Build.0 = Debug|Any CPU
		{35D3759E-4C3F-4F48-958F-19122DB3BBB1}.Release|Any CPU.ActiveCfg = Release|Any CPU
		{35D3759E-4C3F-4F48-958F-19122DB3BBB1}.Release|Any CPU.Build.0 = Release|Any CPU
		{72FD31AD-3720-43E7-ABA7-B91ABA5EC61E}.Debug|Any CPU.ActiveCfg = Debug|Any CPU
		{72FD31AD-3720-43E7-ABA7-B91ABA5EC61E}.Debug|Any CPU.Build.0 = Debug|Any CPU
		{72FD31AD-3720-43E7-ABA7-B91ABA5EC61E}.Release|Any CPU.ActiveCfg = Release|Any CPU
		{72FD31AD-3720-43E7-ABA7-B91ABA5EC61E}.Release|Any CPU.Build.0 = Release|Any CPU
	EndGlobalSection
	GlobalSection(SolutionProperties) = preSolution
		HideSolutionNode = FALSE
	EndGlobalSection
	GlobalSection(ExtensibilityGlobals) = postSolution
		SolutionGuid = {0B76C851-17A2-49B4-BB04-6686102FB4AF}
	EndGlobalSection
EndGlobal
